
Microsoft Visual Studio Solution File, Format Version 12.00
# Visual Studio Version 16
VisualStudioVersion = 16.0.30320.27
MinimumVisualStudioVersion = 10.0.40219.1
Project("{9A19103F-16F7-4668-BE54-9A1E7A4F7556}") = "BaseDotnetCoreWebSite", "BaseDotnetCoreWebSite\BaseDotnetCoreWebSite.csproj", "{2F62E858-A52C-4669-B9A0-D9166B73E423}"
EndProject
Project("{FAE04EC0-301F-11D3-BF4B-00C04F79EFBC}") = "BaseLibrary", "BaseLibrary\BaseLibrary.csproj", "{52F8AF97-4EA8-4F4B-807F-5C72C50FA6E5}"
EndProject
Global
	GlobalSection(SolutionConfigurationPlatforms) = preSolution
		Debug|Any CPU = Debug|Any CPU
		Release|Any CPU = Release|Any CPU
	EndGlobalSection
	GlobalSection(ProjectConfigurationPlatforms) = postSolution
		{2F62E858-A52C-4669-B9A0-D9166B73E423}.Debug|Any CPU.ActiveCfg = Debug|Any CPU
		{2F62E858-A52C-4669-B9A0-D9166B73E423}.Debug|Any CPU.Build.0 = Debug|Any CPU
		{2F62E858-A52C-4669-B9A0-D9166B73E423}.Release|Any CPU.ActiveCfg = Release|Any CPU
		{2F62E858-A52C-4669-B9A0-D9166B73E423}.Release|Any CPU.Build.0 = Release|Any CPU
		{52F8AF97-4EA8-4F4B-807F-5C72C50FA6E5}.Debug|Any CPU.ActiveCfg = Debug|Any CPU
		{52F8AF97-4EA8-4F4B-807F-5C72C50FA6E5}.Debug|Any CPU.Build.0 = Debug|Any CPU
		{52F8AF97-4EA8-4F4B-807F-5C72C50FA6E5}.Release|Any CPU.ActiveCfg = Release|Any CPU
		{52F8AF97-4EA8-4F4B-807F-5C72C50FA6E5}.Release|Any CPU.Build.0 = Release|Any CPU
	EndGlobalSection
	GlobalSection(SolutionProperties) = preSolution
		HideSolutionNode = FALSE
	EndGlobalSection
	GlobalSection(ExtensibilityGlobals) = postSolution
		SolutionGuid = {8987A16E-0DD3-4F5B-B13A-7DD846E6DCCB}
	EndGlobalSection
EndGlobal
